// !$*UTF8*$!
{
	archiveVersion = 1;
	classes = {
	};
	objectVersion = 46;
	objects = {

/* Begin PBXBuildFile section */
		011C59A51E4BD475007B5F2B /* AppDelegate.swift in Sources */ = {isa = PBXBuildFile; fileRef = 011C59A41E4BD475007B5F2B /* AppDelegate.swift */; };
		011C59AA1E4BD475007B5F2B /* Main.storyboard in Resources */ = {isa = PBXBuildFile; fileRef = 011C59A81E4BD475007B5F2B /* Main.storyboard */; };
		011C59AC1E4BD475007B5F2B /* Assets.xcassets in Resources */ = {isa = PBXBuildFile; fileRef = 011C59AB1E4BD475007B5F2B /* Assets.xcassets */; };
		011C59AF1E4BD475007B5F2B /* LaunchScreen.storyboard in Resources */ = {isa = PBXBuildFile; fileRef = 011C59AD1E4BD475007B5F2B /* LaunchScreen.storyboard */; };
		011C59BB1E4BD609007B5F2B /* Entry.swift in Sources */ = {isa = PBXBuildFile; fileRef = 011C59BA1E4BD609007B5F2B /* Entry.swift */; };
		011C59BD1E4BD979007B5F2B /* EntryController.swift in Sources */ = {isa = PBXBuildFile; fileRef = 011C59BC1E4BD979007B5F2B /* EntryController.swift */; };
		011C59BF1E4BE3F8007B5F2B /* EntryListTableViewController.swift in Sources */ = {isa = PBXBuildFile; fileRef = 011C59BE1E4BE3F8007B5F2B /* EntryListTableViewController.swift */; };
		011C59C11E4BE45B007B5F2B /* EntryDetailViewController.swift in Sources */ = {isa = PBXBuildFile; fileRef = 011C59C01E4BE45B007B5F2B /* EntryDetailViewController.swift */; };
/* End PBXBuildFile section */

/* Begin PBXFileReference section */
		011C59A11E4BD475007B5F2B /* JournalRepeat.app */ = {isa = PBXFileReference; explicitFileType = wrapper.application; includeInIndex = 0; path = JournalRepeat.app; sourceTree = BUILT_PRODUCTS_DIR; };
		011C59A41E4BD475007B5F2B /* AppDelegate.swift */ = {isa = PBXFileReference; lastKnownFileType = sourcecode.swift; name = AppDelegate.swift; path = JournalRepeat/AppDelegate.swift; sourceTree = "<group>"; };
		011C59A91E4BD475007B5F2B /* Base */ = {isa = PBXFileReference; lastKnownFileType = file.storyboard; name = Base; path = Base.lproj/Main.storyboard; sourceTree = "<group>"; };
		011C59AB1E4BD475007B5F2B /* Assets.xcassets */ = {isa = PBXFileReference; lastKnownFileType = folder.assetcatalog; name = Assets.xcassets; path = JournalRepeat/Assets.xcassets; sourceTree = "<group>"; };
		011C59AE1E4BD475007B5F2B /* Base */ = {isa = PBXFileReference; lastKnownFileType = file.storyboard; name = Base; path = Base.lproj/LaunchScreen.storyboard; sourceTree = "<group>"; };
		011C59B01E4BD475007B5F2B /* Info.plist */ = {isa = PBXFileReference; lastKnownFileType = text.plist.xml; name = Info.plist; path = JournalRepeat/Info.plist; sourceTree = "<group>"; };
		011C59BA1E4BD609007B5F2B /* Entry.swift */ = {isa = PBXFileReference; fileEncoding = 4; lastKnownFileType = sourcecode.swift; path = Entry.swift; sourceTree = "<group>"; };
		011C59BC1E4BD979007B5F2B /* EntryController.swift */ = {isa = PBXFileReference; fileEncoding = 4; lastKnownFileType = sourcecode.swift; path = EntryController.swift; sourceTree = "<group>"; };
		011C59BE1E4BE3F8007B5F2B /* EntryListTableViewController.swift */ = {isa = PBXFileReference; fileEncoding = 4; lastKnownFileType = sourcecode.swift; path = EntryListTableViewController.swift; sourceTree = "<group>"; };
		011C59C01E4BE45B007B5F2B /* EntryDetailViewController.swift */ = {isa = PBXFileReference; fileEncoding = 4; lastKnownFileType = sourcecode.swift; path = EntryDetailViewController.swift; sourceTree = "<group>"; };
/* End PBXFileReference section */

/* Begin PBXFrameworksBuildPhase section */
		011C599E1E4BD475007B5F2B /* Frameworks */ = {
			isa = PBXFrameworksBuildPhase;
			buildActionMask = 2147483647;
			files = (
			);
			runOnlyForDeploymentPostprocessing = 0;
		};
/* End PBXFrameworksBuildPhase section */

/* Begin PBXGroup section */
		011C59981E4BD475007B5F2B = {
			isa = PBXGroup;
			children = (
				011C59A31E4BD475007B5F2B /* JournalRepeat */,
				011C59A21E4BD475007B5F2B /* Products */,
				011C59A41E4BD475007B5F2B /* AppDelegate.swift */,
				011C59AB1E4BD475007B5F2B /* Assets.xcassets */,
				011C59AD1E4BD475007B5F2B /* LaunchScreen.storyboard */,
				011C59B01E4BD475007B5F2B /* Info.plist */,
			);
			sourceTree = "<group>";
		};
		011C59A21E4BD475007B5F2B /* Products */ = {
			isa = PBXGroup;
			children = (
				011C59A11E4BD475007B5F2B /* JournalRepeat.app */,
			);
			name = Products;
			sourceTree = "<group>";
		};
		011C59A31E4BD475007B5F2B /* JournalRepeat */ = {
			isa = PBXGroup;
			children = (
				011C59B91E4BD5B4007B5F2B /* Model */,
				011C59B81E4BD5AA007B5F2B /* Model Controller */,
				011C59B61E4BD59A007B5F2B /* View */,
				011C59B71E4BD5A3007B5F2B /* View Controller */,
			);
			path = JournalRepeat;
			sourceTree = "<group>";
		};
		011C59B61E4BD59A007B5F2B /* View */ = {
			isa = PBXGroup;
			children = (
				011C59A81E4BD475007B5F2B /* Main.storyboard */,
			);
			name = View;
			sourceTree = "<group>";
		};
		011C59B71E4BD5A3007B5F2B /* View Controller */ = {
			isa = PBXGroup;
			children = (
				011C59C01E4BE45B007B5F2B /* EntryDetailViewController.swift */,
				011C59BE1E4BE3F8007B5F2B /* EntryListTableViewController.swift */,
			);
			name = "View Controller";
			sourceTree = "<group>";
		};
		011C59B81E4BD5AA007B5F2B /* Model Controller */ = {
			isa = PBXGroup;
			children = (
				011C59BC1E4BD979007B5F2B /* EntryController.swift */,
			);
			name = "Model Controller";
			sourceTree = "<group>";
		};
		011C59B91E4BD5B4007B5F2B /* Model */ = {
			isa = PBXGroup;
			children = (
				011C59BA1E4BD609007B5F2B /* Entry.swift */,
			);
			name = Model;
			sourceTree = "<group>";
		};
/* End PBXGroup section */

/* Begin PBXNativeTarget section */
		011C59A01E4BD475007B5F2B /* JournalRepeat */ = {
			isa = PBXNativeTarget;
			buildConfigurationList = 011C59B31E4BD475007B5F2B /* Build configuration list for PBXNativeTarget "JournalRepeat" */;
			buildPhases = (
				011C599D1E4BD475007B5F2B /* Sources */,
				011C599E1E4BD475007B5F2B /* Frameworks */,
				011C599F1E4BD475007B5F2B /* Resources */,
			);
			buildRules = (
			);
			dependencies = (
			);
			name = JournalRepeat;
			productName = JournalRepeat;
			productReference = 011C59A11E4BD475007B5F2B /* JournalRepeat.app */;
			productType = "com.apple.product-type.application";
		};
/* End PBXNativeTarget section */

/* Begin PBXProject section */
		011C59991E4BD475007B5F2B /* Project object */ = {
			isa = PBXProject;
			attributes = {
				LastSwiftUpdateCheck = 0820;
				LastUpgradeCheck = 0820;
				ORGANIZATIONNAME = "Nick Reichard";
				TargetAttributes = {
					011C59A01E4BD475007B5F2B = {
						CreatedOnToolsVersion = 8.2.1;
						DevelopmentTeam = MU4CK45G4T;
						ProvisioningStyle = Automatic;
					};
				};
			};
			buildConfigurationList = 011C599C1E4BD475007B5F2B /* Build configuration list for PBXProject "JournalRepeat" */;
			compatibilityVersion = "Xcode 3.2";
			developmentRegion = English;
			hasScannedForEncodings = 0;
			knownRegions = (
				en,
				Base,
			);
			mainGroup = 011C59981E4BD475007B5F2B;
			productRefGroup = 011C59A21E4BD475007B5F2B /* Products */;
			projectDirPath = "";
			projectRoot = "";
			targets = (
				011C59A01E4BD475007B5F2B /* JournalRepeat */,
			);
		};
/* End PBXProject section */

/* Begin PBXResourcesBuildPhase section */
		011C599F1E4BD475007B5F2B /* Resources */ = {
			isa = PBXResourcesBuildPhase;
			buildActionMask = 2147483647;
			files = (
				011C59AF1E4BD475007B5F2B /* LaunchScreen.storyboard in Resources */,
				011C59AC1E4BD475007B5F2B /* Assets.xcassets in Resources */,
				011C59AA1E4BD475007B5F2B /* Main.storyboard in Resources */,
			);
			runOnlyForDeploymentPostprocessing = 0;
		};
/* End PBXResourcesBuildPhase section */

/* Begin PBXSourcesBuildPhase section */
		011C599D1E4BD475007B5F2B /* Sources */ = {
			isa = PBXSourcesBuildPhase;
			buildActionMask = 2147483647;
			files = (
				011C59BD1E4BD979007B5F2B /* EntryController.swift in Sources */,
				011C59BB1E4BD609007B5F2B /* Entry.swift in Sources */,
				011C59BF1E4BE3F8007B5F2B /* EntryListTableViewController.swift in Sources */,
				011C59C11E4BE45B007B5F2B /* EntryDetailViewController.swift in Sources */,
				011C59A51E4BD475007B5F2B /* AppDelegate.swift in Sources */,
			);
			runOnlyForDeploymentPostprocessing = 0;
		};
/* End PBXSourcesBuildPhase section */

/* Begin PBXVariantGroup section */
		011C59A81E4BD475007B5F2B /* Main.storyboard */ = {
			isa = PBXVariantGroup;
			children = (
				011C59A91E4BD475007B5F2B /* Base */,
			);
			name = Main.storyboard;
			sourceTree = "<group>";
		};
		011C59AD1E4BD475007B5F2B /* LaunchScreen.storyboard */ = {
			isa = PBXVariantGroup;
			children = (
				011C59AE1E4BD475007B5F2B /* Base */,
			);
			name = LaunchScreen.storyboard;
			path = JournalRepeat;
			sourceTree = "<group>";
		};
/* End PBXVariantGroup section */

/* Begin XCBuildConfiguration section */
		011C59B11E4BD475007B5F2B /* Debug */ = {
			isa = XCBuildConfiguration;
			buildSettings = {
				ALWAYS_SEARCH_USER_PATHS = NO;
				CLANG_ANALYZER_NONNULL = YES;
				CLANG_CXX_LANGUAGE_STANDARD = "gnu++0x";
				CLANG_CXX_LIBRARY = "libc++";
				CLANG_ENABLE_MODULES = YES;
				CLANG_ENABLE_OBJC_ARC = YES;
				CLANG_WARN_BOOL_CONVERSION = YES;
				CLANG_WARN_CONSTANT_CONVERSION = YES;
				CLANG_WARN_DIRECT_OBJC_ISA_USAGE = YES_ERROR;
				CLANG_WARN_DOCUMENTATION_COMMENTS = YES;
				CLANG_WARN_EMPTY_BODY = YES;
				CLANG_WARN_ENUM_CONVERSION = YES;
				CLANG_WARN_INFINITE_RECURSION = YES;
				CLANG_WARN_INT_CONVERSION = YES;
				CLANG_WARN_OBJC_ROOT_CLASS = YES_ERROR;
				CLANG_WARN_SUSPICIOUS_MOVE = YES;
				CLANG_WARN_UNREACHABLE_CODE = YES;
				CLANG_WARN__DUPLICATE_METHOD_MATCH = YES;
				"CODE_SIGN_IDENTITY[sdk=iphoneos*]" = "iPhone Developer";
				COPY_PHASE_STRIP = NO;
				DEBUG_INFORMATION_FORMAT = dwarf;
				ENABLE_STRICT_OBJC_MSGSEND = YES;
				ENABLE_TESTABILITY = YES;
				GCC_C_LANGUAGE_STANDARD = gnu99;
				GCC_DYNAMIC_NO_PIC = NO;
				GCC_NO_COMMON_BLOCKS = YES;
				GCC_OPTIMIZATION_LEVEL = 0;
				GCC_PREPROCESSOR_DEFINITIONS = (
					"DEBUG=1",
					"$(inherited)",
				);
				GCC_WARN_64_TO_32_BIT_CONVERSION = YES;
				GCC_WARN_ABOUT_RETURN_TYPE = YES_ERROR;
				GCC_WARN_UNDECLARED_SELECTOR = YES;
				GCC_WARN_UNINITIALIZED_AUTOS = YES_AGGRESSIVE;
				GCC_WARN_UNUSED_FUNCTION = YES;
				GCC_WARN_UNUSED_VARIABLE = YES;
				IPHONEOS_DEPLOYMENT_TARGET = 10.2;
				MTL_ENABLE_DEBUG_INFO = YES;
				ONLY_ACTIVE_ARCH = YES;
				SDKROOT = iphoneos;
				SWIFT_ACTIVE_COMPILATION_CONDITIONS = DEBUG;
				SWIFT_OPTIMIZATION_LEVEL = "-Onone";
				TARGETED_DEVICE_FAMILY = "1,2";
			};
			name = Debug;
		};
		011C59B21E4BD475007B5F2B /* Release */ = {
			isa = XCBuildConfiguration;
			buildSettings = {
				ALWAYS_SEARCH_USER_PATHS = NO;
				CLANG_ANALYZER_NONNULL = YES;
				CLANG_CXX_LANGUAGE_STANDARD = "gnu++0x";
				CLANG_CXX_LIBRARY = "libc++";
				CLANG_ENABLE_MODULES = YES;
				CLANG_ENABLE_OBJC_ARC = YES;
				CLANG_WARN_BOOL_CONVERSION = YES;
				CLANG_WARN_CONSTANT_CONVERSION = YES;
				CLANG_WARN_DIRECT_OBJC_ISA_USAGE = YES_ERROR;
				CLANG_WARN_DOCUMENTATION_COMMENTS = YES;
				CLANG_WARN_EMPTY_BODY = YES;
				CLANG_WARN_ENUM_CONVERSION = YES;
				CLANG_WARN_INFINITE_RECURSION = YES;
				CLANG_WARN_INT_CONVERSION = YES;
				CLANG_WARN_OBJC_ROOT_CLASS = YES_ERROR;
				CLANG_WARN_SUSPICIOUS_MOVE = YES;
				CLANG_WARN_UNREACHABLE_CODE = YES;
				CLANG_WARN__DUPLICATE_METHOD_MATCH = YES;
				"CODE_SIGN_IDENTITY[sdk=iphoneos*]" = "iPhone Developer";
				COPY_PHASE_STRIP = NO;
				DEBUG_INFORMATION_FORMAT = "dwarf-with-dsym";
				ENABLE_NS_ASSERTIONS = NO;
				ENABLE_STRICT_OBJC_MSGSEND = YES;
				GCC_C_LANGUAGE_STANDARD = gnu99;
				GCC_NO_COMMON_BLOCKS = YES;
				GCC_WARN_64_TO_32_BIT_CONVERSION = YES;
				GCC_WARN_ABOUT_RETURN_TYPE = YES_ERROR;
				GCC_WARN_UNDECLARED_SELECTOR = YES;
				GCC_WARN_UNINITIALIZED_AUTOS = YES_AGGRESSIVE;
				GCC_WARN_UNUSED_FUNCTION = YES;
				GCC_WARN_UNUSED_VARIABLE = YES;
				IPHONEOS_DEPLOYMENT_TARGET = 10.2;
				MTL_ENABLE_DEBUG_INFO = NO;
				SDKROOT = iphoneos;
				SWIFT_OPTIMIZATION_LEVEL = "-Owholemodule";
				TARGETED_DEVICE_FAMILY = "1,2";
				VALIDATE_PRODUCT = YES;
			};
			name = Release;
		};
		011C59B41E4BD475007B5F2B /* Debug */ = {
			isa = XCBuildConfiguration;
			buildSettings = {
				ASSETCATALOG_COMPILER_APPICON_NAME = AppIcon;
				DEVELOPMENT_TEAM = MU4CK45G4T;
				INFOPLIST_FILE = JournalRepeat/Info.plist;
				LD_RUNPATH_SEARCH_PATHS = "$(inherited) @executable_path/Frameworks";
				PRODUCT_BUNDLE_IDENTIFIER = com.nickreichard..JournalRepeat;
				PRODUCT_NAME = "$(TARGET_NAME)";
				SWIFT_VERSION = 3.0;
			};
			name = Debug;
		};
		011C59B51E4BD475007B5F2B /* Release */ = {
			isa = XCBuildConfiguration;
			buildSettings = {
				ASSETCATALOG_COMPILER_APPICON_NAME = AppIcon;
				DEVELOPMENT_TEAM = MU4CK45G4T;
				INFOPLIST_FILE = JournalRepeat/Info.plist;
				LD_RUNPATH_SEARCH_PATHS = "$(inherited) @executable_path/Frameworks";
				PRODUCT_BUNDLE_IDENTIFIER = com.nickreichard..JournalRepeat;
				PRODUCT_NAME = "$(TARGET_NAME)";
				SWIFT_VERSION = 3.0;
			};
			name = Release;
		};
/* End XCBuildConfiguration section */

/* Begin XCConfigurationList section */
		011C599C1E4BD475007B5F2B /* Build configuration list for PBXProject "JournalRepeat" */ = {
			isa = XCConfigurationList;
			buildConfigurations = (
				011C59B11E4BD475007B5F2B /* Debug */,
				011C59B21E4BD475007B5F2B /* Release */,
			);
			defaultConfigurationIsVisible = 0;
			defaultConfigurationName = Release;
		};
		011C59B31E4BD475007B5F2B /* Build configuration list for PBXNativeTarget "JournalRepeat" */ = {
			isa = XCConfigurationList;
			buildConfigurations = (
				011C59B41E4BD475007B5F2B /* Debug */,
				011C59B51E4BD475007B5F2B /* Release */,
			);
			defaultConfigurationIsVisible = 0;
		};
/* End XCConfigurationList section */
	};
	rootObject = 011C59991E4BD475007B5F2B /* Project object */;
}
